
Microsoft Visual Studio Solution File, Format Version 12.00
# Visual Studio Version 17
VisualStudioVersion = 17.2.32526.322
MinimumVisualStudioVersion = 10.0.40219.1
Project("{FAE04EC0-301F-11D3-BF4B-00C04F79EFBC}") = "BookingApplication", "BookingApplication\BookingApplication.csproj", "{6BC20892-DD23-4B1F-84B6-06DE3DEA89E1}"
EndProject
Project("{FAE04EC0-301F-11D3-BF4B-00C04F79EFBC}") = "Entities", "Entities\Entities.csproj", "{3B9379FB-DDF5-4F0D-81F4-798EFD6B92E2}"
EndProject
Project("{FAE04EC0-301F-11D3-BF4B-00C04F79EFBC}") = "LoggerService", "LoggerService\LoggerService.csproj", "{00860548-5337-4B05-AAA3-B7346AAF1075}"
EndProject
Global
	GlobalSection(SolutionConfigurationPlatforms) = preSolution
		Debug|Any CPU = Debug|Any CPU
		Release|Any CPU = Release|Any CPU
	EndGlobalSection
	GlobalSection(ProjectConfigurationPlatforms) = postSolution
		{6BC20892-DD23-4B1F-84B6-06DE3DEA89E1}.Debug|Any CPU.ActiveCfg = Debug|Any CPU
		{6BC20892-DD23-4B1F-84B6-06DE3DEA89E1}.Debug|Any CPU.Build.0 = Debug|Any CPU
		{6BC20892-DD23-4B1F-84B6-06DE3DEA89E1}.Release|Any CPU.ActiveCfg = Release|Any CPU
		{6BC20892-DD23-4B1F-84B6-06DE3DEA89E1}.Release|Any CPU.Build.0 = Release|Any CPU
		{3B9379FB-DDF5-4F0D-81F4-798EFD6B92E2}.Debug|Any CPU.ActiveCfg = Debug|Any CPU
		{3B9379FB-DDF5-4F0D-81F4-798EFD6B92E2}.Debug|Any CPU.Build.0 = Debug|Any CPU
		{3B9379FB-DDF5-4F0D-81F4-798EFD6B92E2}.Release|Any CPU.ActiveCfg = Release|Any CPU
		{3B9379FB-DDF5-4F0D-81F4-798EFD6B92E2}.Release|Any CPU.Build.0 = Release|Any CPU
		{00860548-5337-4B05-AAA3-B7346AAF1075}.Debug|Any CPU.ActiveCfg = Debug|Any CPU
		{00860548-5337-4B05-AAA3-B7346AAF1075}.Debug|Any CPU.Build.0 = Debug|Any CPU
		{00860548-5337-4B05-AAA3-B7346AAF1075}.Release|Any CPU.ActiveCfg = Release|Any CPU
		{00860548-5337-4B05-AAA3-B7346AAF1075}.Release|Any CPU.Build.0 = Release|Any CPU
	EndGlobalSection
	GlobalSection(SolutionProperties) = preSolution
		HideSolutionNode = FALSE
	EndGlobalSection
	GlobalSection(ExtensibilityGlobals) = postSolution
		SolutionGuid = {C6F6515A-245A-433E-A552-1DD12732713D}
	EndGlobalSection
EndGlobal
